// !$*UTF8*$!
{
	archiveVersion = 1;
	classes = {
	};
	objectVersion = 50;
	objects = {

/* Begin PBXBuildFile section */
		761F2E917F6849BD1B52B3A5 /* libPods-WebSupport DNS.a in Frameworks */ = {isa = PBXBuildFile; fileRef = 83D0B5610F1F7337341F0EB9 /* libPods-WebSupport DNS.a */; };
		E907E08521768CBF0017EB5F /* Configuration.swift in Sources */ = {isa = PBXBuildFile; fileRef = E907E08421768CBF0017EB5F /* Configuration.swift */; };
		E9AA023E21770DCD006F67B8 /* User.swift in Sources */ = {isa = PBXBuildFile; fileRef = E9AA023D21770DCD006F67B8 /* User.swift */; };
		E9AA024021770DD6006F67B8 /* Zone.swift in Sources */ = {isa = PBXBuildFile; fileRef = E9AA023F21770DD6006F67B8 /* Zone.swift */; };
		E9AA024221770DE4006F67B8 /* Record.swift in Sources */ = {isa = PBXBuildFile; fileRef = E9AA024121770DE4006F67B8 /* Record.swift */; };
		E9F84FE4217686A600A61C2D /* main.swift in Sources */ = {isa = PBXBuildFile; fileRef = E9F84FE3217686A600A61C2D /* main.swift */; };
/* End PBXBuildFile section */

/* Begin PBXCopyFilesBuildPhase section */
		E9F84FDE217686A600A61C2D /* CopyFiles */ = {
			isa = PBXCopyFilesBuildPhase;
			buildActionMask = 2147483647;
			dstPath = /usr/share/man/man1/;
			dstSubfolderSpec = 0;
			files = (
			);
			runOnlyForDeploymentPostprocessing = 1;
		};
/* End PBXCopyFilesBuildPhase section */

/* Begin PBXFileReference section */
		83D0B5610F1F7337341F0EB9 /* libPods-WebSupport DNS.a */ = {isa = PBXFileReference; explicitFileType = archive.ar; includeInIndex = 0; path = "libPods-WebSupport DNS.a"; sourceTree = BUILT_PRODUCTS_DIR; };
		8CB1E858123B6BDF0EA7E646 /* Pods-WebSupport DNS.debug.xcconfig */ = {isa = PBXFileReference; includeInIndex = 1; lastKnownFileType = text.xcconfig; name = "Pods-WebSupport DNS.debug.xcconfig"; path = "Pods/Target Support Files/Pods-WebSupport DNS/Pods-WebSupport DNS.debug.xcconfig"; sourceTree = "<group>"; };
		E907E08421768CBF0017EB5F /* Configuration.swift */ = {isa = PBXFileReference; lastKnownFileType = sourcecode.swift; path = Configuration.swift; sourceTree = "<group>"; };
		E9AA023D21770DCD006F67B8 /* User.swift */ = {isa = PBXFileReference; lastKnownFileType = sourcecode.swift; path = User.swift; sourceTree = "<group>"; };
		E9AA023F21770DD6006F67B8 /* Zone.swift */ = {isa = PBXFileReference; lastKnownFileType = sourcecode.swift; path = Zone.swift; sourceTree = "<group>"; };
		E9AA024121770DE4006F67B8 /* Record.swift */ = {isa = PBXFileReference; lastKnownFileType = sourcecode.swift; path = Record.swift; sourceTree = "<group>"; };
		E9AA024421770EE8006F67B8 /* ExampleConfiguration.plist */ = {isa = PBXFileReference; lastKnownFileType = text.plist; path = ExampleConfiguration.plist; sourceTree = "<group>"; };
		E9F84FE0217686A600A61C2D /* WebSupport DNS */ = {isa = PBXFileReference; explicitFileType = "compiled.mach-o.executable"; includeInIndex = 0; path = "WebSupport DNS"; sourceTree = BUILT_PRODUCTS_DIR; };
		E9F84FE3217686A600A61C2D /* main.swift */ = {isa = PBXFileReference; lastKnownFileType = sourcecode.swift; path = main.swift; sourceTree = "<group>"; };
		EA451B1254F947051A75B5E7 /* Pods-WebSupport DNS.release.xcconfig */ = {isa = PBXFileReference; includeInIndex = 1; lastKnownFileType = text.xcconfig; name = "Pods-WebSupport DNS.release.xcconfig"; path = "Pods/Target Support Files/Pods-WebSupport DNS/Pods-WebSupport DNS.release.xcconfig"; sourceTree = "<group>"; };
/* End PBXFileReference section */

/* Begin PBXFrameworksBuildPhase section */
		E9F84FDD217686A600A61C2D /* Frameworks */ = {
			isa = PBXFrameworksBuildPhase;
			buildActionMask = 2147483647;
			files = (
				761F2E917F6849BD1B52B3A5 /* libPods-WebSupport DNS.a in Frameworks */,
			);
			runOnlyForDeploymentPostprocessing = 0;
		};
/* End PBXFrameworksBuildPhase section */

/* Begin PBXGroup section */
		4EE697EBEA1182B001833074 /* Pods */ = {
			isa = PBXGroup;
			children = (
				8CB1E858123B6BDF0EA7E646 /* Pods-WebSupport DNS.debug.xcconfig */,
				EA451B1254F947051A75B5E7 /* Pods-WebSupport DNS.release.xcconfig */,
			);
			name = Pods;
			sourceTree = "<group>";
		};
		C4794A3B0B2FB2320C039ED0 /* Frameworks */ = {
			isa = PBXGroup;
			children = (
				83D0B5610F1F7337341F0EB9 /* libPods-WebSupport DNS.a */,
			);
			name = Frameworks;
			sourceTree = "<group>";
		};
		E9AA023C21770D2C006F67B8 /* Models */ = {
			isa = PBXGroup;
			children = (
				E9AA023D21770DCD006F67B8 /* User.swift */,
				E9AA023F21770DD6006F67B8 /* Zone.swift */,
				E9AA024121770DE4006F67B8 /* Record.swift */,
			);
			path = Models;
			sourceTree = "<group>";
		};
		E9F84FD7217686A600A61C2D = {
			isa = PBXGroup;
			children = (
				E9F84FE2217686A600A61C2D /* WebSupport DNS */,
				E9F84FE1217686A600A61C2D /* Products */,
				4EE697EBEA1182B001833074 /* Pods */,
				C4794A3B0B2FB2320C039ED0 /* Frameworks */,
			);
			sourceTree = "<group>";
		};
		E9F84FE1217686A600A61C2D /* Products */ = {
			isa = PBXGroup;
			children = (
				E9F84FE0217686A600A61C2D /* WebSupport DNS */,
			);
			name = Products;
			sourceTree = "<group>";
		};
		E9F84FE2217686A600A61C2D /* WebSupport DNS */ = {
			isa = PBXGroup;
			children = (
				E9AA024421770EE8006F67B8 /* ExampleConfiguration.plist */,
				E9AA023C21770D2C006F67B8 /* Models */,
				E9F84FE3217686A600A61C2D /* main.swift */,
				E907E08421768CBF0017EB5F /* Configuration.swift */,
			);
			path = "WebSupport DNS";
			sourceTree = "<group>";
		};
/* End PBXGroup section */

/* Begin PBXNativeTarget section */
		E9F84FDF217686A600A61C2D /* WebSupport DNS */ = {
			isa = PBXNativeTarget;
			buildConfigurationList = E9F84FE7217686A600A61C2D /* Build configuration list for PBXNativeTarget "WebSupport DNS" */;
			buildPhases = (
				6A76FA5EE48CB9057A5FDE13 /* [CP] Check Pods Manifest.lock */,
				E9F84FDC217686A600A61C2D /* Sources */,
				E9F84FDD217686A600A61C2D /* Frameworks */,
				E9F84FDE217686A600A61C2D /* CopyFiles */,
			);
			buildRules = (
			);
			dependencies = (
			);
			name = "WebSupport DNS";
			productName = "WebSupport DNS";
			productReference = E9F84FE0217686A600A61C2D /* WebSupport DNS */;
			productType = "com.apple.product-type.tool";
		};
/* End PBXNativeTarget section */

/* Begin PBXProject section */
		E9F84FD8217686A600A61C2D /* Project object */ = {
			isa = PBXProject;
			attributes = {
				LastSwiftUpdateCheck = 1000;
				LastUpgradeCheck = 1000;
				ORGANIZATIONNAME = "Mediaware, s.r.o.";
				TargetAttributes = {
					E9F84FDF217686A600A61C2D = {
						CreatedOnToolsVersion = 10.0;
						LastSwiftMigration = 1000;
					};
				};
			};
			buildConfigurationList = E9F84FDB217686A600A61C2D /* Build configuration list for PBXProject "WebSupport DNS" */;
			compatibilityVersion = "Xcode 9.3";
			developmentRegion = en;
			hasScannedForEncodings = 0;
			knownRegions = (
				en,
			);
			mainGroup = E9F84FD7217686A600A61C2D;
			productRefGroup = E9F84FE1217686A600A61C2D /* Products */;
			projectDirPath = "";
			projectRoot = "";
			targets = (
				E9F84FDF217686A600A61C2D /* WebSupport DNS */,
			);
		};
/* End PBXProject section */

/* Begin PBXShellScriptBuildPhase section */
		6A76FA5EE48CB9057A5FDE13 /* [CP] Check Pods Manifest.lock */ = {
			isa = PBXShellScriptBuildPhase;
			buildActionMask = 2147483647;
			files = (
			);
			inputPaths = (
				"${PODS_PODFILE_DIR_PATH}/Podfile.lock",
				"${PODS_ROOT}/Manifest.lock",
			);
			name = "[CP] Check Pods Manifest.lock";
			outputPaths = (
				"$(DERIVED_FILE_DIR)/Pods-WebSupport DNS-checkManifestLockResult.txt",
			);
			runOnlyForDeploymentPostprocessing = 0;
			shellPath = /bin/sh;
			shellScript = "diff \"${PODS_PODFILE_DIR_PATH}/Podfile.lock\" \"${PODS_ROOT}/Manifest.lock\" > /dev/null\nif [ $? != 0 ] ; then\n    # print error to STDERR\n    echo \"error: The sandbox is not in sync with the Podfile.lock. Run 'pod install' or update your CocoaPods installation.\" >&2\n    exit 1\nfi\n# This output is used by Xcode 'outputs' to avoid re-running this script phase.\necho \"SUCCESS\" > \"${SCRIPT_OUTPUT_FILE_0}\"\n";
			showEnvVarsInLog = 0;
		};
/* End PBXShellScriptBuildPhase section */

/* Begin PBXSourcesBuildPhase section */
		E9F84FDC217686A600A61C2D /* Sources */ = {
			isa = PBXSourcesBuildPhase;
			buildActionMask = 2147483647;
			files = (
				E907E08521768CBF0017EB5F /* Configuration.swift in Sources */,
				E9AA024021770DD6006F67B8 /* Zone.swift in Sources */,
				E9AA024221770DE4006F67B8 /* Record.swift in Sources */,
				E9F84FE4217686A600A61C2D /* main.swift in Sources */,
				E9AA023E21770DCD006F67B8 /* User.swift in Sources */,
			);
			runOnlyForDeploymentPostprocessing = 0;
		};
/* End PBXSourcesBuildPhase section */

/* Begin XCBuildConfiguration section */
		E9F84FE5217686A600A61C2D /* Debug */ = {
			isa = XCBuildConfiguration;
			buildSettings = {
				ALWAYS_SEARCH_USER_PATHS = NO;
				CLANG_ANALYZER_NONNULL = YES;
				CLANG_ANALYZER_NUMBER_OBJECT_CONVERSION = YES_AGGRESSIVE;
				CLANG_CXX_LANGUAGE_STANDARD = "gnu++14";
				CLANG_CXX_LIBRARY = "libc++";
				CLANG_ENABLE_MODULES = YES;
				CLANG_ENABLE_OBJC_ARC = YES;
				CLANG_ENABLE_OBJC_WEAK = YES;
				CLANG_WARN_BLOCK_CAPTURE_AUTORELEASING = YES;
				CLANG_WARN_BOOL_CONVERSION = YES;
				CLANG_WARN_COMMA = YES;
				CLANG_WARN_CONSTANT_CONVERSION = YES;
				CLANG_WARN_DEPRECATED_OBJC_IMPLEMENTATIONS = YES;
				CLANG_WARN_DIRECT_OBJC_ISA_USAGE = YES_ERROR;
				CLANG_WARN_DOCUMENTATION_COMMENTS = YES;
				CLANG_WARN_EMPTY_BODY = YES;
				CLANG_WARN_ENUM_CONVERSION = YES;
				CLANG_WARN_INFINITE_RECURSION = YES;
				CLANG_WARN_INT_CONVERSION = YES;
				CLANG_WARN_NON_LITERAL_NULL_CONVERSION = YES;
				CLANG_WARN_OBJC_IMPLICIT_RETAIN_SELF = YES;
				CLANG_WARN_OBJC_LITERAL_CONVERSION = YES;
				CLANG_WARN_OBJC_ROOT_CLASS = YES_ERROR;
				CLANG_WARN_RANGE_LOOP_ANALYSIS = YES;
				CLANG_WARN_STRICT_PROTOTYPES = YES;
				CLANG_WARN_SUSPICIOUS_MOVE = YES;
				CLANG_WARN_UNGUARDED_AVAILABILITY = YES_AGGRESSIVE;
				CLANG_WARN_UNREACHABLE_CODE = YES;
				CLANG_WARN__DUPLICATE_METHOD_MATCH = YES;
				CODE_SIGN_IDENTITY = "Mac Developer";
				COPY_PHASE_STRIP = NO;
				DEBUG_INFORMATION_FORMAT = dwarf;
				ENABLE_STRICT_OBJC_MSGSEND = YES;
				ENABLE_TESTABILITY = YES;
				GCC_C_LANGUAGE_STANDARD = gnu11;
				GCC_DYNAMIC_NO_PIC = NO;
				GCC_NO_COMMON_BLOCKS = YES;
				GCC_OPTIMIZATION_LEVEL = 0;
				GCC_PREPROCESSOR_DEFINITIONS = (
					"DEBUG=1",
					"$(inherited)",
				);
				GCC_WARN_64_TO_32_BIT_CONVERSION = YES;
				GCC_WARN_ABOUT_RETURN_TYPE = YES_ERROR;
				GCC_WARN_UNDECLARED_SELECTOR = YES;
				GCC_WARN_UNINITIALIZED_AUTOS = YES_AGGRESSIVE;
				GCC_WARN_UNUSED_FUNCTION = YES;
				GCC_WARN_UNUSED_VARIABLE = YES;
				MACOSX_DEPLOYMENT_TARGET = 10.14;
				MTL_ENABLE_DEBUG_INFO = INCLUDE_SOURCE;
				MTL_FAST_MATH = YES;
				ONLY_ACTIVE_ARCH = YES;
				SDKROOT = macosx;
				SWIFT_ACTIVE_COMPILATION_CONDITIONS = DEBUG;
				SWIFT_OPTIMIZATION_LEVEL = "-Onone";
			};
			name = Debug;
		};
		E9F84FE6217686A600A61C2D /* Release */ = {
			isa = XCBuildConfiguration;
			buildSettings = {
				ALWAYS_SEARCH_USER_PATHS = NO;
				CLANG_ANALYZER_NONNULL = YES;
				CLANG_ANALYZER_NUMBER_OBJECT_CONVERSION = YES_AGGRESSIVE;
				CLANG_CXX_LANGUAGE_STANDARD = "gnu++14";
				CLANG_CXX_LIBRARY = "libc++";
				CLANG_ENABLE_MODULES = YES;
				CLANG_ENABLE_OBJC_ARC = YES;
				CLANG_ENABLE_OBJC_WEAK = YES;
				CLANG_WARN_BLOCK_CAPTURE_AUTORELEASING = YES;
				CLANG_WARN_BOOL_CONVERSION = YES;
				CLANG_WARN_COMMA = YES;
				CLANG_WARN_CONSTANT_CONVERSION = YES;
				CLANG_WARN_DEPRECATED_OBJC_IMPLEMENTATIONS = YES;
				CLANG_WARN_DIRECT_OBJC_ISA_USAGE = YES_ERROR;
				CLANG_WARN_DOCUMENTATION_COMMENTS = YES;
				CLANG_WARN_EMPTY_BODY = YES;
				CLANG_WARN_ENUM_CONVERSION = YES;
				CLANG_WARN_INFINITE_RECURSION = YES;
				CLANG_WARN_INT_CONVERSION = YES;
				CLANG_WARN_NON_LITERAL_NULL_CONVERSION = YES;
				CLANG_WARN_OBJC_IMPLICIT_RETAIN_SELF = YES;
				CLANG_WARN_OBJC_LITERAL_CONVERSION = YES;
				CLANG_WARN_OBJC_ROOT_CLASS = YES_ERROR;
				CLANG_WARN_RANGE_LOOP_ANALYSIS = YES;
				CLANG_WARN_STRICT_PROTOTYPES = YES;
				CLANG_WARN_SUSPICIOUS_MOVE = YES;
				CLANG_WARN_UNGUARDED_AVAILABILITY = YES_AGGRESSIVE;
				CLANG_WARN_UNREACHABLE_CODE = YES;
				CLANG_WARN__DUPLICATE_METHOD_MATCH = YES;
				CODE_SIGN_IDENTITY = "Mac Developer";
				COPY_PHASE_STRIP = NO;
				DEBUG_INFORMATION_FORMAT = "dwarf-with-dsym";
				ENABLE_NS_ASSERTIONS = NO;
				ENABLE_STRICT_OBJC_MSGSEND = YES;
				GCC_C_LANGUAGE_STANDARD = gnu11;
				GCC_NO_COMMON_BLOCKS = YES;
				GCC_WARN_64_TO_32_BIT_CONVERSION = YES;
				GCC_WARN_ABOUT_RETURN_TYPE = YES_ERROR;
				GCC_WARN_UNDECLARED_SELECTOR = YES;
				GCC_WARN_UNINITIALIZED_AUTOS = YES_AGGRESSIVE;
				GCC_WARN_UNUSED_FUNCTION = YES;
				GCC_WARN_UNUSED_VARIABLE = YES;
				MACOSX_DEPLOYMENT_TARGET = 10.14;
				MTL_ENABLE_DEBUG_INFO = NO;
				MTL_FAST_MATH = YES;
				SDKROOT = macosx;
				SWIFT_COMPILATION_MODE = wholemodule;
				SWIFT_OPTIMIZATION_LEVEL = "-O";
			};
			name = Release;
		};
		E9F84FE8217686A600A61C2D /* Debug */ = {
			isa = XCBuildConfiguration;
			baseConfigurationReference = 8CB1E858123B6BDF0EA7E646 /* Pods-WebSupport DNS.debug.xcconfig */;
			buildSettings = {
				CLANG_ENABLE_MODULES = YES;
				CODE_SIGN_STYLE = Automatic;
				DEVELOPMENT_TEAM = 53F4R854HQ;
				LD_RUNPATH_SEARCH_PATHS = (
					"$(inherited)",
					"@executable_path/../Frameworks",
					"@loader_path/../Frameworks",
				);
				PRODUCT_NAME = "$(TARGET_NAME)";
				SWIFT_OPTIMIZATION_LEVEL = "-Onone";
				SWIFT_VERSION = 4.2;
			};
			name = Debug;
		};
		E9F84FE9217686A600A61C2D /* Release */ = {
			isa = XCBuildConfiguration;
			baseConfigurationReference = EA451B1254F947051A75B5E7 /* Pods-WebSupport DNS.release.xcconfig */;
			buildSettings = {
				CLANG_ENABLE_MODULES = YES;
				CODE_SIGN_STYLE = Automatic;
				DEVELOPMENT_TEAM = 53F4R854HQ;
				LD_RUNPATH_SEARCH_PATHS = (
					"$(inherited)",
					"@executable_path/../Frameworks",
					"@loader_path/../Frameworks",
				);
				PRODUCT_NAME = "$(TARGET_NAME)";
				SWIFT_VERSION = 4.2;
			};
			name = Release;
		};
/* End XCBuildConfiguration section */

/* Begin XCConfigurationList section */
		E9F84FDB217686A600A61C2D /* Build configuration list for PBXProject "WebSupport DNS" */ = {
			isa = XCConfigurationList;
			buildConfigurations = (
				E9F84FE5217686A600A61C2D /* Debug */,
				E9F84FE6217686A600A61C2D /* Release */,
			);
			defaultConfigurationIsVisible = 0;
			defaultConfigurationName = Release;
		};
		E9F84FE7217686A600A61C2D /* Build configuration list for PBXNativeTarget "WebSupport DNS" */ = {
			isa = XCConfigurationList;
			buildConfigurations = (
				E9F84FE8217686A600A61C2D /* Debug */,
				E9F84FE9217686A600A61C2D /* Release */,
			);
			defaultConfigurationIsVisible = 0;
			defaultConfigurationName = Release;
		};
/* End XCConfigurationList section */
	};
	rootObject = E9F84FD8217686A600A61C2D /* Project object */;
}
